
Microsoft Visual Studio Solution File, Format Version 12.00
# Visual Studio Version 17
VisualStudioVersion = 17.6.33829.357
MinimumVisualStudioVersion = 10.0.40219.1
Project("{8BC9CEB8-8B4A-11D0-8D11-00A0C91BC942}") = "Project1", "Project1\Project1.vcxproj", "{101A7D4F-2B76-4DBC-8A34-200117182274}"
EndProject
Project("{8BC9CEB8-8B4A-11D0-8D11-00A0C91BC942}") = "Project2", "Project2\Project2.vcxproj", "{852E0FD1-081E-4B55-B938-C940EFA42D4A}"
EndProject
Project("{8BC9CEB8-8B4A-11D0-8D11-00A0C91BC942}") = "Project3", "Project3\Project3.vcxproj", "{C08CDA2F-7CED-4013-9348-8F3158FC8874}"
EndProject
Project("{8BC9CEB8-8B4A-11D0-8D11-00A0C91BC942}") = "Project4", "Project4\Project4.vcxproj", "{AB5B83E8-D3CB-489A-878B-E82C689BB6B2}"
EndProject
Project("{8BC9CEB8-8B4A-11D0-8D11-00A0C91BC942}") = "Project5", "Project5\Project5.vcxproj", "{DC9F11AC-A291-42FD-A440-C790C723D841}"
EndProject
Project("{8BC9CEB8-8B4A-11D0-8D11-00A0C91BC942}") = "Project6", "Project6\Project6.vcxproj", "{D76E1C04-DF91-45C6-A0D3-C3E7DE6F6278}"
EndProject
Project("{8BC9CEB8-8B4A-11D0-8D11-00A0C91BC942}") = "Project7", "Project7\Project7.vcxproj", "{69B90F4E-72C0-44E8-9342-345EB3020C40}"
EndProject
Project("{8BC9CEB8-8B4A-11D0-8D11-00A0C91BC942}") = "Project8", "Project8\Project8.vcxproj", "{544C1B7D-B052-42B2-A099-F5FF9D080EDB}"
EndProject
Project("{8BC9CEB8-8B4A-11D0-8D11-00A0C91BC942}") = "Project9", "Project9\Project9.vcxproj", "{87CDBBAA-9BD2-4FF5-990B-98095E3EC7F4}"
EndProject
Project("{8BC9CEB8-8B4A-11D0-8D11-00A0C91BC942}") = "Project10", "Project10\Project10.vcxproj", "{0B43A87E-1DAD-4FDC-90C0-CF17BD6EA28B}"
EndProject
Project("{8BC9CEB8-8B4A-11D0-8D11-00A0C91BC942}") = "Project11", "Project11\Project11.vcxproj", "{05FBE100-5210-4619-8A23-F6F5907B35C2}"
EndProject
Project("{8BC9CEB8-8B4A-11D0-8D11-00A0C91BC942}") = "Project12", "Project12\Project12.vcxproj", "{7804B58D-490D-4086-AC37-928A41EBD47D}"
EndProject
Project("{8BC9CEB8-8B4A-11D0-8D11-00A0C91BC942}") = "Project13", "Project13\Project13.vcxproj", "{BC4C1C37-031F-43A6-82AB-E3196594FE23}"
EndProject
Project("{8BC9CEB8-8B4A-11D0-8D11-00A0C91BC942}") = "Project14", "Project14\Project14.vcxproj", "{534C86E6-EBE1-42AA-9C76-15FAB32EB65B}"
EndProject
Project("{8BC9CEB8-8B4A-11D0-8D11-00A0C91BC942}") = "Project15", "Project15\Project15.vcxproj", "{55E687EB-6AE2-4361-A317-E133A0E83D5D}"
EndProject
Project("{8BC9CEB8-8B4A-11D0-8D11-00A0C91BC942}") = "Project16", "Project16\Project16.vcxproj", "{4E59DDAD-D42B-4B36-8460-A2D3270F9A25}"
EndProject
Project("{8BC9CEB8-8B4A-11D0-8D11-00A0C91BC942}") = "Project17", "Project17\Project17.vcxproj", "{36750B27-53F4-4DA2-A30E-E38771973807}"
EndProject
Project("{8BC9CEB8-8B4A-11D0-8D11-00A0C91BC942}") = "Project18", "Project18\Project18.vcxproj", "{EEE7D469-C9E7-480C-BD9E-F8996B018104}"
EndProject
Project("{8BC9CEB8-8B4A-11D0-8D11-00A0C91BC942}") = "Project19", "Project19\Project19.vcxproj", "{52CA71C1-3336-4D88-8C51-47F95425D2B6}"
EndProject
Project("{8BC9CEB8-8B4A-11D0-8D11-00A0C91BC942}") = "Project20", "Project20\Project20.vcxproj", "{FE1B1EAF-9D11-4780-8280-B60BAA594EBB}"
EndProject
Project("{8BC9CEB8-8B4A-11D0-8D11-00A0C91BC942}") = "Project21", "Project21\Project21.vcxproj", "{2AA0F038-E90B-47C0-B757-76D0D14B5B1A}"
EndProject
Global
	GlobalSection(SolutionConfigurationPlatforms) = preSolution
		Debug|x64 = Debug|x64
		Debug|x86 = Debug|x86
		Release|x64 = Release|x64
		Release|x86 = Release|x86
	EndGlobalSection
	GlobalSection(ProjectConfigurationPlatforms) = postSolution
		{101A7D4F-2B76-4DBC-8A34-200117182274}.Debug|x64.ActiveCfg = Debug|x64
		{101A7D4F-2B76-4DBC-8A34-200117182274}.Debug|x64.Build.0 = Debug|x64
		{101A7D4F-2B76-4DBC-8A34-200117182274}.Debug|x86.ActiveCfg = Debug|Win32
		{101A7D4F-2B76-4DBC-8A34-200117182274}.Debug|x86.Build.0 = Debug|Win32
		{101A7D4F-2B76-4DBC-8A34-200117182274}.Release|x64.ActiveCfg = Release|x64
		{101A7D4F-2B76-4DBC-8A34-200117182274}.Release|x64.Build.0 = Release|x64
		{101A7D4F-2B76-4DBC-8A34-200117182274}.Release|x86.ActiveCfg = Release|Win32
		{101A7D4F-2B76-4DBC-8A34-200117182274}.Release|x86.Build.0 = Release|Win32
		{852E0FD1-081E-4B55-B938-C940EFA42D4A}.Debug|x64.ActiveCfg = Debug|x64
		{852E0FD1-081E-4B55-B938-C940EFA42D4A}.Debug|x64.Build.0 = Debug|x64
		{852E0FD1-081E-4B55-B938-C940EFA42D4A}.Debug|x86.ActiveCfg = Debug|Win32
		{852E0FD1-081E-4B55-B938-C940EFA42D4A}.Debug|x86.Build.0 = Debug|Win32
		{852E0FD1-081E-4B55-B938-C940EFA42D4A}.Release|x64.ActiveCfg = Release|x64
		{852E0FD1-081E-4B55-B938-C940EFA42D4A}.Release|x64.Build.0 = Release|x64
		{852E0FD1-081E-4B55-B938-C940EFA42D4A}.Release|x86.ActiveCfg = Release|Win32
		{852E0FD1-081E-4B55-B938-C940EFA42D4A}.Release|x86.Build.0 = Release|Win32
		{C08CDA2F-7CED-4013-9348-8F3158FC8874}.Debug|x64.ActiveCfg = Debug|x64
		{C08CDA2F-7CED-4013-9348-8F3158FC8874}.Debug|x64.Build.0 = Debug|x64
		{C08CDA2F-7CED-4013-9348-8F3158FC8874}.Debug|x86.ActiveCfg = Debug|Win32
		{C08CDA2F-7CED-4013-9348-8F3158FC8874}.Debug|x86.Build.0 = Debug|Win32
		{C08CDA2F-7CED-4013-9348-8F3158FC8874}.Release|x64.ActiveCfg = Release|x64
		{C08CDA2F-7CED-4013-9348-8F3158FC8874}.Release|x64.Build.0 = Release|x64
		{C08CDA2F-7CED-4013-9348-8F3158FC8874}.Release|x86.ActiveCfg = Release|Win32
		{C08CDA2F-7CED-4013-9348-8F3158FC8874}.Release|x86.Build.0 = Release|Win32
		{AB5B83E8-D3CB-489A-878B-E82C689BB6B2}.Debug|x64.ActiveCfg = Debug|x64
		{AB5B83E8-D3CB-489A-878B-E82C689BB6B2}.Debug|x64.Build.0 = Debug|x64
		{AB5B83E8-D3CB-489A-878B-E82C689BB6B2}.Debug|x86.ActiveCfg = Debug|Win32
		{AB5B83E8-D3CB-489A-878B-E82C689BB6B2}.Debug|x86.Build.0 = Debug|Win32
		{AB5B83E8-D3CB-489A-878B-E82C689BB6B2}.Release|x64.ActiveCfg = Release|x64
		{AB5B83E8-D3CB-489A-878B-E82C689BB6B2}.Release|x64.Build.0 = Release|x64
		{AB5B83E8-D3CB-489A-878B-E82C689BB6B2}.Release|x86.ActiveCfg = Release|Win32
		{AB5B83E8-D3CB-489A-878B-E82C689BB6B2}.Release|x86.Build.0 = Release|Win32
		{DC9F11AC-A291-42FD-A440-C790C723D841}.Debug|x64.ActiveCfg = Debug|x64
		{DC9F11AC-A291-42FD-A440-C790C723D841}.Debug|x64.Build.0 = Debug|x64
		{DC9F11AC-A291-42FD-A440-C790C723D841}.Debug|x86.ActiveCfg = Debug|Win32
		{DC9F11AC-A291-42FD-A440-C790C723D841}.Debug|x86.Build.0 = Debug|Win32
		{DC9F11AC-A291-42FD-A440-C790C723D841}.Release|x64.ActiveCfg = Release|x64
		{DC9F11AC-A291-42FD-A440-C790C723D841}.Release|x64.Build.0 = Release|x64
		{DC9F11AC-A291-42FD-A440-C790C723D841}.Release|x86.ActiveCfg = Release|Win32
		{DC9F11AC-A291-42FD-A440-C790C723D841}.Release|x86.Build.0 = Release|Win32
		{D76E1C04-DF91-45C6-A0D3-C3E7DE6F6278}.Debug|x64.ActiveCfg = Debug|x64
		{D76E1C04-DF91-45C6-A0D3-C3E7DE6F6278}.Debug|x64.Build.0 = Debug|x64
		{D76E1C04-DF91-45C6-A0D3-C3E7DE6F6278}.Debug|x86.ActiveCfg = Debug|Win32
		{D76E1C04-DF91-45C6-A0D3-C3E7DE6F6278}.Debug|x86.Build.0 = Debug|Win32
		{D76E1C04-DF91-45C6-A0D3-C3E7DE6F6278}.Release|x64.ActiveCfg = Release|x64
		{D76E1C04-DF91-45C6-A0D3-C3E7DE6F6278}.Release|x64.Build.0 = Release|x64
		{D76E1C04-DF91-45C6-A0D3-C3E7DE6F6278}.Release|x86.ActiveCfg = Release|Win32
		{D76E1C04-DF91-45C6-A0D3-C3E7DE6F6278}.Release|x86.Build.0 = Release|Win32
		{69B90F4E-72C0-44E8-9342-345EB3020C40}.Debug|x64.ActiveCfg = Debug|x64
		{69B90F4E-72C0-44E8-9342-345EB3020C40}.Debug|x64.Build.0 = Debug|x64
		{69B90F4E-72C0-44E8-9342-345EB3020C40}.Debug|x86.ActiveCfg = Debug|Win32
		{69B90F4E-72C0-44E8-9342-345EB3020C40}.Debug|x86.Build.0 = Debug|Win32
		{69B90F4E-72C0-44E8-9342-345EB3020C40}.Release|x64.ActiveCfg = Release|x64
		{69B90F4E-72C0-44E8-9342-345EB3020C40}.Release|x64.Build.0 = Release|x64
		{69B90F4E-72C0-44E8-9342-345EB3020C40}.Release|x86.ActiveCfg = Release|Win32
		{69B90F4E-72C0-44E8-9342-345EB3020C40}.Release|x86.Build.0 = Release|Win32
		{544C1B7D-B052-42B2-A099-F5FF9D080EDB}.Debug|x64.ActiveCfg = Debug|x64
		{544C1B7D-B052-42B2-A099-F5FF9D080EDB}.Debug|x64.Build.0 = Debug|x64
		{544C1B7D-B052-42B2-A099-F5FF9D080EDB}.Debug|x86.ActiveCfg = Debug|Win32
		{544C1B7D-B052-42B2-A099-F5FF9D080EDB}.Debug|x86.Build.0 = Debug|Win32
		{544C1B7D-B052-42B2-A099-F5FF9D080EDB}.Release|x64.ActiveCfg = Release|x64
		{544C1B7D-B052-42B2-A099-F5FF9D080EDB}.Release|x64.Build.0 = Release|x64
		{544C1B7D-B052-42B2-A099-F5FF9D080EDB}.Release|x86.ActiveCfg = Release|Win32
		{544C1B7D-B052-42B2-A099-F5FF9D080EDB}.Release|x86.Build.0 = Release|Win32
		{87CDBBAA-9BD2-4FF5-990B-98095E3EC7F4}.Debug|x64.ActiveCfg = Debug|x64
		{87CDBBAA-9BD2-4FF5-990B-98095E3EC7F4}.Debug|x64.Build.0 = Debug|x64
		{87CDBBAA-9BD2-4FF5-990B-98095E3EC7F4}.Debug|x86.ActiveCfg = Debug|Win32
		{87CDBBAA-9BD2-4FF5-990B-98095E3EC7F4}.Debug|x86.Build.0 = Debug|Win32
		{87CDBBAA-9BD2-4FF5-990B-98095E3EC7F4}.Release|x64.ActiveCfg = Release|x64
		{87CDBBAA-9BD2-4FF5-990B-98095E3EC7F4}.Release|x64.Build.0 = Release|x64
		{87CDBBAA-9BD2-4FF5-990B-98095E3EC7F4}.Release|x86.ActiveCfg = Release|Win32
		{87CDBBAA-9BD2-4FF5-990B-98095E3EC7F4}.Release|x86.Build.0 = Release|Win32
		{0B43A87E-1DAD-4FDC-90C0-CF17BD6EA28B}.Debug|x64.ActiveCfg = Debug|x64
		{0B43A87E-1DAD-4FDC-90C0-CF17BD6EA28B}.Debug|x64.Build.0 = Debug|x64
		{0B43A87E-1DAD-4FDC-90C0-CF17BD6EA28B}.Debug|x86.ActiveCfg = Debug|Win32
		{0B43A87E-1DAD-4FDC-90C0-CF17BD6EA28B}.Debug|x86.Build.0 = Debug|Win32
		{0B43A87E-1DAD-4FDC-90C0-CF17BD6EA28B}.Release|x64.ActiveCfg = Release|x64
		{0B43A87E-1DAD-4FDC-90C0-CF17BD6EA28B}.Release|x64.Build.0 = Release|x64
		{0B43A87E-1DAD-4FDC-90C0-CF17BD6EA28B}.Release|x86.ActiveCfg = Release|Win32
		{0B43A87E-1DAD-4FDC-90C0-CF17BD6EA28B}.Release|x86.Build.0 = Release|Win32
		{05FBE100-5210-4619-8A23-F6F5907B35C2}.Debug|x64.ActiveCfg = Debug|x64
		{05FBE100-5210-4619-8A23-F6F5907B35C2}.Debug|x64.Build.0 = Debug|x64
		{05FBE100-5210-4619-8A23-F6F5907B35C2}.Debug|x86.ActiveCfg = Debug|Win32
		{05FBE100-5210-4619-8A23-F6F5907B35C2}.Debug|x86.Build.0 = Debug|Win32
		{05FBE100-5210-4619-8A23-F6F5907B35C2}.Release|x64.ActiveCfg = Release|x64
		{05FBE100-5210-4619-8A23-F6F5907B35C2}.Release|x64.Build.0 = Release|x64
		{05FBE100-5210-4619-8A23-F6F5907B35C2}.Release|x86.ActiveCfg = Release|Win32
		{05FBE100-5210-4619-8A23-F6F5907B35C2}.Release|x86.Build.0 = Release|Win32
		{7804B58D-490D-4086-AC37-928A41EBD47D}.Debug|x64.ActiveCfg = Debug|x64
		{7804B58D-490D-4086-AC37-928A41EBD47D}.Debug|x64.Build.0 = Debug|x64
		{7804B58D-490D-4086-AC37-928A41EBD47D}.Debug|x86.ActiveCfg = Debug|Win32
		{7804B58D-490D-4086-AC37-928A41EBD47D}.Debug|x86.Build.0 = Debug|Win32
		{7804B58D-490D-4086-AC37-928A41EBD47D}.Release|x64.ActiveCfg = Release|x64
		{7804B58D-490D-4086-AC37-928A41EBD47D}.Release|x64.Build.0 = Release|x64
		{7804B58D-490D-4086-AC37-928A41EBD47D}.Release|x86.ActiveCfg = Release|Win32
		{7804B58D-490D-4086-AC37-928A41EBD47D}.Release|x86.Build.0 = Release|Win32
		{BC4C1C37-031F-43A6-82AB-E3196594FE23}.Debug|x64.ActiveCfg = Debug|x64
		{BC4C1C37-031F-43A6-82AB-E3196594FE23}.Debug|x64.Build.0 = Debug|x64
		{BC4C1C37-031F-43A6-82AB-E3196594FE23}.Debug|x86.ActiveCfg = Debug|Win32
		{BC4C1C37-031F-43A6-82AB-E3196594FE23}.Debug|x86.Build.0 = Debug|Win32
		{BC4C1C37-031F-43A6-82AB-E3196594FE23}.Release|x64.ActiveCfg = Release|x64
		{BC4C1C37-031F-43A6-82AB-E3196594FE23}.Release|x64.Build.0 = Release|x64
		{BC4C1C37-031F-43A6-82AB-E3196594FE23}.Release|x86.ActiveCfg = Release|Win32
		{BC4C1C37-031F-43A6-82AB-E3196594FE23}.Release|x86.Build.0 = Release|Win32
		{534C86E6-EBE1-42AA-9C76-15FAB32EB65B}.Debug|x64.ActiveCfg = Debug|x64
		{534C86E6-EBE1-42AA-9C76-15FAB32EB65B}.Debug|x64.Build.0 = Debug|x64
		{534C86E6-EBE1-42AA-9C76-15FAB32EB65B}.Debug|x86.ActiveCfg = Debug|Win32
		{534C86E6-EBE1-42AA-9C76-15FAB32EB65B}.Debug|x86.Build.0 = Debug|Win32
		{534C86E6-EBE1-42AA-9C76-15FAB32EB65B}.Release|x64.ActiveCfg = Release|x64
		{534C86E6-EBE1-42AA-9C76-15FAB32EB65B}.Release|x64.Build.0 = Release|x64
		{534C86E6-EBE1-42AA-9C76-15FAB32EB65B}.Release|x86.ActiveCfg = Release|Win32
		{534C86E6-EBE1-42AA-9C76-15FAB32EB65B}.Release|x86.Build.0 = Release|Win32
		{55E687EB-6AE2-4361-A317-E133A0E83D5D}.Debug|x64.ActiveCfg = Debug|x64
		{55E687EB-6AE2-4361-A317-E133A0E83D5D}.Debug|x64.Build.0 = Debug|x64
		{55E687EB-6AE2-4361-A317-E133A0E83D5D}.Debug|x86.ActiveCfg = Debug|Win32
		{55E687EB-6AE2-4361-A317-E133A0E83D5D}.Debug|x86.Build.0 = Debug|Win32
		{55E687EB-6AE2-4361-A317-E133A0E83D5D}.Release|x64.ActiveCfg = Release|x64
		{55E687EB-6AE2-4361-A317-E133A0E83D5D}.Release|x64.Build.0 = Release|x64
		{55E687EB-6AE2-4361-A317-E133A0E83D5D}.Release|x86.ActiveCfg = Release|Win32
		{55E687EB-6AE2-4361-A317-E133A0E83D5D}.Release|x86.Build.0 = Release|Win32
		{4E59DDAD-D42B-4B36-8460-A2D3270F9A25}.Debug|x64.ActiveCfg = Debug|x64
		{4E59DDAD-D42B-4B36-8460-A2D3270F9A25}.Debug|x64.Build.0 = Debug|x64
		{4E59DDAD-D42B-4B36-8460-A2D3270F9A25}.Debug|x86.ActiveCfg = Debug|Win32
		{4E59DDAD-D42B-4B36-8460-A2D3270F9A25}.Debug|x86.Build.0 = Debug|Win32
		{4E59DDAD-D42B-4B36-8460-A2D3270F9A25}.Release|x64.ActiveCfg = Release|x64
		{4E59DDAD-D42B-4B36-8460-A2D3270F9A25}.Release|x64.Build.0 = Release|x64
		{4E59DDAD-D42B-4B36-8460-A2D3270F9A25}.Release|x86.ActiveCfg = Release|Win32
		{4E59DDAD-D42B-4B36-8460-A2D3270F9A25}.Release|x86.Build.0 = Release|Win32
		{36750B27-53F4-4DA2-A30E-E38771973807}.Debug|x64.ActiveCfg = Debug|x64
		{36750B27-53F4-4DA2-A30E-E38771973807}.Debug|x64.Build.0 = Debug|x64
		{36750B27-53F4-4DA2-A30E-E38771973807}.Debug|x86.ActiveCfg = Debug|Win32
		{36750B27-53F4-4DA2-A30E-E38771973807}.Debug|x86.Build.0 = Debug|Win32
		{36750B27-53F4-4DA2-A30E-E38771973807}.Release|x64.ActiveCfg = Release|x64
		{36750B27-53F4-4DA2-A30E-E38771973807}.Release|x64.Build.0 = Release|x64
		{36750B27-53F4-4DA2-A30E-E38771973807}.Release|x86.ActiveCfg = Release|Win32
		{36750B27-53F4-4DA2-A30E-E38771973807}.Release|x86.Build.0 = Release|Win32
		{EEE7D469-C9E7-480C-BD9E-F8996B018104}.Debug|x64.ActiveCfg = Debug|x64
		{EEE7D469-C9E7-480C-BD9E-F8996B018104}.Debug|x64.Build.0 = Debug|x64
		{EEE7D469-C9E7-480C-BD9E-F8996B018104}.Debug|x86.ActiveCfg = Debug|Win32
		{EEE7D469-C9E7-480C-BD9E-F8996B018104}.Debug|x86.Build.0 = Debug|Win32
		{EEE7D469-C9E7-480C-BD9E-F8996B018104}.Release|x64.ActiveCfg = Release|x64
		{EEE7D469-C9E7-480C-BD9E-F8996B018104}.Release|x64.Build.0 = Release|x64
		{EEE7D469-C9E7-480C-BD9E-F8996B018104}.Release|x86.ActiveCfg = Release|Win32
		{EEE7D469-C9E7-480C-BD9E-F8996B018104}.Release|x86.Build.0 = Release|Win32
		{52CA71C1-3336-4D88-8C51-47F95425D2B6}.Debug|x64.ActiveCfg = Debug|x64
		{52CA71C1-3336-4D88-8C51-47F95425D2B6}.Debug|x64.Build.0 = Debug|x64
		{52CA71C1-3336-4D88-8C51-47F95425D2B6}.Debug|x86.ActiveCfg = Debug|Win32
		{52CA71C1-3336-4D88-8C51-47F95425D2B6}.Debug|x86.Build.0 = Debug|Win32
		{52CA71C1-3336-4D88-8C51-47F95425D2B6}.Release|x64.ActiveCfg = Release|x64
		{52CA71C1-3336-4D88-8C51-47F95425D2B6}.Release|x64.Build.0 = Release|x64
		{52CA71C1-3336-4D88-8C51-47F95425D2B6}.Release|x86.ActiveCfg = Release|Win32
		{52CA71C1-3336-4D88-8C51-47F95425D2B6}.Release|x86.Build.0 = Release|Win32
		{FE1B1EAF-9D11-4780-8280-B60BAA594EBB}.Debug|x64.ActiveCfg = Debug|x64
		{FE1B1EAF-9D11-4780-8280-B60BAA594EBB}.Debug|x64.Build.0 = Debug|x64
		{FE1B1EAF-9D11-4780-8280-B60BAA594EBB}.Debug|x86.ActiveCfg = Debug|Win32
		{FE1B1EAF-9D11-4780-8280-B60BAA594EBB}.Debug|x86.Build.0 = Debug|Win32
		{FE1B1EAF-9D11-4780-8280-B60BAA594EBB}.Release|x64.ActiveCfg = Release|x64
		{FE1B1EAF-9D11-4780-8280-B60BAA594EBB}.Release|x64.Build.0 = Release|x64
		{FE1B1EAF-9D11-4780-8280-B60BAA594EBB}.Release|x86.ActiveCfg = Release|Win32
		{FE1B1EAF-9D11-4780-8280-B60BAA594EBB}.Release|x86.Build.0 = Release|Win32
		{2AA0F038-E90B-47C0-B757-76D0D14B5B1A}.Debug|x64.ActiveCfg = Debug|x64
		{2AA0F038-E90B-47C0-B757-76D0D14B5B1A}.Debug|x64.Build.0 = Debug|x64
		{2AA0F038-E90B-47C0-B757-76D0D14B5B1A}.Debug|x86.ActiveCfg = Debug|Win32
		{2AA0F038-E90B-47C0-B757-76D0D14B5B1A}.Debug|x86.Build.0 = Debug|Win32
		{2AA0F038-E90B-47C0-B757-76D0D14B5B1A}.Release|x64.ActiveCfg = Release|x64
		{2AA0F038-E90B-47C0-B757-76D0D14B5B1A}.Release|x64.Build.0 = Release|x64
		{2AA0F038-E90B-47C0-B757-76D0D14B5B1A}.Release|x86.ActiveCfg = Release|Win32
		{2AA0F038-E90B-47C0-B757-76D0D14B5B1A}.Release|x86.Build.0 = Release|Win32
	EndGlobalSection
	GlobalSection(SolutionProperties) = preSolution
		HideSolutionNode = FALSE
	EndGlobalSection
	GlobalSection(ExtensibilityGlobals) = postSolution
		SolutionGuid = {6345482D-70FC-456A-A2C5-A78CE9FD9962}
	EndGlobalSection
EndGlobal
